
Microsoft Visual Studio Solution File, Format Version 12.00
# Visual Studio Version 16
VisualStudioVersion = 16.0.30114.105
MinimumVisualStudioVersion = 10.0.40219.1
Project("{9A19103F-16F7-4668-BE54-9A1E7A4F7556}") = "AdvertAPI", "AdvertAPI.csproj", "{B538D4D2-C1BA-4A33-A173-058A10F6476E}"
EndProject
Project("{9A19103F-16F7-4668-BE54-9A1E7A4F7556}") = "AdvertApiTests", "..\AdvertApiTests\AdvertApiTests.csproj", "{D629BD00-7085-4184-AB91-1324D7AE7BC5}"
EndProject
Global
	GlobalSection(SolutionConfigurationPlatforms) = preSolution
		Debug|Any CPU = Debug|Any CPU
		Release|Any CPU = Release|Any CPU
	EndGlobalSection
	GlobalSection(ProjectConfigurationPlatforms) = postSolution
		{B538D4D2-C1BA-4A33-A173-058A10F6476E}.Debug|Any CPU.ActiveCfg = Debug|Any CPU
		{B538D4D2-C1BA-4A33-A173-058A10F6476E}.Debug|Any CPU.Build.0 = Debug|Any CPU
		{B538D4D2-C1BA-4A33-A173-058A10F6476E}.Release|Any CPU.ActiveCfg = Release|Any CPU
		{B538D4D2-C1BA-4A33-A173-058A10F6476E}.Release|Any CPU.Build.0 = Release|Any CPU
		{D629BD00-7085-4184-AB91-1324D7AE7BC5}.Debug|Any CPU.ActiveCfg = Debug|Any CPU
		{D629BD00-7085-4184-AB91-1324D7AE7BC5}.Debug|Any CPU.Build.0 = Debug|Any CPU
		{D629BD00-7085-4184-AB91-1324D7AE7BC5}.Release|Any CPU.ActiveCfg = Release|Any CPU
		{D629BD00-7085-4184-AB91-1324D7AE7BC5}.Release|Any CPU.Build.0 = Release|Any CPU
	EndGlobalSection
	GlobalSection(SolutionProperties) = preSolution
		HideSolutionNode = FALSE
	EndGlobalSection
	GlobalSection(ExtensibilityGlobals) = postSolution
		SolutionGuid = {6DA46D6D-DA76-4E3A-94E2-A2C4F08B3AB8}
	EndGlobalSection
EndGlobal
